
Microsoft Visual Studio Solution File, Format Version 12.00
# Visual Studio Version 16
VisualStudioVersion = 16.0.30717.126
MinimumVisualStudioVersion = 10.0.40219.1
Project("{9A19103F-16F7-4668-BE54-9A1E7A4F7556}") = "QPH_ParamsChannelsEnterprise", "QPH_ParamsChannelsEnterprise\QPH_ParamsChannelsEnterprise.csproj", "{D545568C-6503-45C0-83F2-B8896405472E}"
EndProject
Project("{9A19103F-16F7-4668-BE54-9A1E7A4F7556}") = "QPH_ParamsChannelsEnterprise.Core", "QPH_ParamsChannelsEnterprise.Core\QPH_ParamsChannelsEnterprise.Core.csproj", "{CE0B52C8-D573-4C7E-904B-F465BB155F72}"
EndProject
Project("{9A19103F-16F7-4668-BE54-9A1E7A4F7556}") = "QPH_ParamsChannelsEnterprise.Infrastructure", "QPH_ParamsChannelsEnterprise.Infrastructure\QPH_ParamsChannelsEnterprise.Infrastructure.csproj", "{D792CAB3-3542-4BE9-917E-60B16417FE87}"
EndProject
Project("{FAE04EC0-301F-11D3-BF4B-00C04F79EFBC}") = "QPH_ParamsChannelsEnterprise.Tests", "QPH_ParamsChannelsEnterprise.Tests\QPH_ParamsChannelsEnterprise.Tests.csproj", "{812058AA-EEDB-47A9-97B3-1D1F29C9C44B}"
EndProject
Global
	GlobalSection(SolutionConfigurationPlatforms) = preSolution
		Debug|Any CPU = Debug|Any CPU
		Release|Any CPU = Release|Any CPU
	EndGlobalSection
	GlobalSection(ProjectConfigurationPlatforms) = postSolution
		{D545568C-6503-45C0-83F2-B8896405472E}.Debug|Any CPU.ActiveCfg = Debug|Any CPU
		{D545568C-6503-45C0-83F2-B8896405472E}.Debug|Any CPU.Build.0 = Debug|Any CPU
		{D545568C-6503-45C0-83F2-B8896405472E}.Release|Any CPU.ActiveCfg = Release|Any CPU
		{D545568C-6503-45C0-83F2-B8896405472E}.Release|Any CPU.Build.0 = Release|Any CPU
		{CE0B52C8-D573-4C7E-904B-F465BB155F72}.Debug|Any CPU.ActiveCfg = Debug|Any CPU
		{CE0B52C8-D573-4C7E-904B-F465BB155F72}.Debug|Any CPU.Build.0 = Debug|Any CPU
		{CE0B52C8-D573-4C7E-904B-F465BB155F72}.Release|Any CPU.ActiveCfg = Release|Any CPU
		{CE0B52C8-D573-4C7E-904B-F465BB155F72}.Release|Any CPU.Build.0 = Release|Any CPU
		{D792CAB3-3542-4BE9-917E-60B16417FE87}.Debug|Any CPU.ActiveCfg = Debug|Any CPU
		{D792CAB3-3542-4BE9-917E-60B16417FE87}.Debug|Any CPU.Build.0 = Debug|Any CPU
		{D792CAB3-3542-4BE9-917E-60B16417FE87}.Release|Any CPU.ActiveCfg = Release|Any CPU
		{D792CAB3-3542-4BE9-917E-60B16417FE87}.Release|Any CPU.Build.0 = Release|Any CPU
		{812058AA-EEDB-47A9-97B3-1D1F29C9C44B}.Debug|Any CPU.ActiveCfg = Debug|Any CPU
		{812058AA-EEDB-47A9-97B3-1D1F29C9C44B}.Debug|Any CPU.Build.0 = Debug|Any CPU
		{812058AA-EEDB-47A9-97B3-1D1F29C9C44B}.Release|Any CPU.ActiveCfg = Release|Any CPU
		{812058AA-EEDB-47A9-97B3-1D1F29C9C44B}.Release|Any CPU.Build.0 = Release|Any CPU
	EndGlobalSection
	GlobalSection(SolutionProperties) = preSolution
		HideSolutionNode = FALSE
	EndGlobalSection
	GlobalSection(ExtensibilityGlobals) = postSolution
		SolutionGuid = {6749E46D-DBE4-4956-A2EF-D009A13C8A7A}
	EndGlobalSection
EndGlobal
